
Microsoft Visual Studio Solution File, Format Version 12.00
# Visual Studio 15
VisualStudioVersion = 15.0.26730.10
MinimumVisualStudioVersion = 10.0.40219.1
Project("{FAE04EC0-301F-11D3-BF4B-00C04F79EFBC}") = "PersonalGrowthSystem", "PersonalGrowthSystem\PersonalGrowthSystem.csproj", "{F4936D28-E643-4F76-97BE-2BA1E5DA2141}"
EndProject
Global
	GlobalSection(SolutionConfigurationPlatforms) = preSolution
		Debug|Any CPU = Debug|Any CPU
		Release|Any CPU = Release|Any CPU
	EndGlobalSection
	GlobalSection(ProjectConfigurationPlatforms) = postSolution
		{F4936D28-E643-4F76-97BE-2BA1E5DA2141}.Debug|Any CPU.ActiveCfg = Debug|Any CPU
		{F4936D28-E643-4F76-97BE-2BA1E5DA2141}.Debug|Any CPU.Build.0 = Debug|Any CPU
		{F4936D28-E643-4F76-97BE-2BA1E5DA2141}.Release|Any CPU.ActiveCfg = Release|Any CPU
		{F4936D28-E643-4F76-97BE-2BA1E5DA2141}.Release|Any CPU.Build.0 = Release|Any CPU
	EndGlobalSection
	GlobalSection(SolutionProperties) = preSolution
		HideSolutionNode = FALSE
	EndGlobalSection
	GlobalSection(ExtensibilityGlobals) = postSolution
		SolutionGuid = {8EBD8776-D7FC-4B04-BCB5-09E410F19EB9}
	EndGlobalSection
EndGlobal
